# THIS IS AN AUTOGENERATED FILE. DO NOT EDIT THIS FILE DIRECTLY.
# yarn lockfile v1


bootstrap-select@^1.13.17:
  version "1.13.17"
  resolved "https://registry.yarnpkg.com/bootstrap-select/-/bootstrap-select-1.13.17.tgz#2cc8312fd88bd7900d4eb881f0a7e95e00ad71e9"
  integrity sha512-LbzSQumoZNYGuoYMpShKIHbJ2qUWFLI0qVHVeKqw5+nfhtMxz+Gre1+IuI3X74bTzQfalBqDKc8fS8tZMdciWg==
